
Microsoft Visual Studio Solution File, Format Version 12.00
# Visual Studio Version 17
VisualStudioVersion = 17.0.31611.283
MinimumVisualStudioVersion = 10.0.40219.1
Project("{9A19103F-16F7-4668-BE54-9A1E7A4F7556}") = "Jokester", "Jokester\Jokester.csproj", "{C73DF39C-7F42-4780-83D7-FD3C7F3618DA}"
EndProject
Project("{FAE04EC0-301F-11D3-BF4B-00C04F79EFBC}") = "Jokester.Tests", "Jokester.Tests\Jokester.Tests.csproj", "{DDC7322F-414D-495C-A052-15CB8E98042E}"
EndProject
Global
	GlobalSection(SolutionConfigurationPlatforms) = preSolution
		Debug|Any CPU = Debug|Any CPU
		Release|Any CPU = Release|Any CPU
	EndGlobalSection
	GlobalSection(ProjectConfigurationPlatforms) = postSolution
		{C73DF39C-7F42-4780-83D7-FD3C7F3618DA}.Debug|Any CPU.ActiveCfg = Debug|Any CPU
		{C73DF39C-7F42-4780-83D7-FD3C7F3618DA}.Debug|Any CPU.Build.0 = Debug|Any CPU
		{C73DF39C-7F42-4780-83D7-FD3C7F3618DA}.Debug|Any CPU.Deploy.0 = Debug|Any CPU
		{C73DF39C-7F42-4780-83D7-FD3C7F3618DA}.Release|Any CPU.ActiveCfg = Release|Any CPU
		{C73DF39C-7F42-4780-83D7-FD3C7F3618DA}.Release|Any CPU.Build.0 = Release|Any CPU
		{C73DF39C-7F42-4780-83D7-FD3C7F3618DA}.Release|Any CPU.Deploy.0 = Release|Any CPU
		{DDC7322F-414D-495C-A052-15CB8E98042E}.Debug|Any CPU.ActiveCfg = Debug|Any CPU
		{DDC7322F-414D-495C-A052-15CB8E98042E}.Debug|Any CPU.Build.0 = Debug|Any CPU
		{DDC7322F-414D-495C-A052-15CB8E98042E}.Release|Any CPU.ActiveCfg = Release|Any CPU
		{DDC7322F-414D-495C-A052-15CB8E98042E}.Release|Any CPU.Build.0 = Release|Any CPU
	EndGlobalSection
	GlobalSection(SolutionProperties) = preSolution
		HideSolutionNode = FALSE
	EndGlobalSection
	GlobalSection(ExtensibilityGlobals) = postSolution
		SolutionGuid = {61F7FB11-1E47-470C-91E2-47F8143E1572}
	EndGlobalSection
EndGlobal
